// !$*UTF8*$!
{
	archiveVersion = 1;
	classes = {
	};
	objectVersion = 46;
	objects = {

/* Begin PBXBuildFile section */
		B314CACE1EB2C1FA00C37D63 /* main.m in Sources */ = {isa = PBXBuildFile; fileRef = B314CACD1EB2C1FA00C37D63 /* main.m */; };
		B314CAD11EB2C1FA00C37D63 /* AppDelegate.m in Sources */ = {isa = PBXBuildFile; fileRef = B314CAD01EB2C1FA00C37D63 /* AppDelegate.m */; };
		B314CAD41EB2C1FA00C37D63 /* ViewController.m in Sources */ = {isa = PBXBuildFile; fileRef = B314CAD31EB2C1FA00C37D63 /* ViewController.m */; };
		B314CAD71EB2C1FA00C37D63 /* Main.storyboard in Resources */ = {isa = PBXBuildFile; fileRef = B314CAD51EB2C1FA00C37D63 /* Main.storyboard */; };
		B314CAD91EB2C1FA00C37D63 /* Assets.xcassets in Resources */ = {isa = PBXBuildFile; fileRef = B314CAD81EB2C1FA00C37D63 /* Assets.xcassets */; };
		B314CADC1EB2C1FA00C37D63 /* LaunchScreen.storyboard in Resources */ = {isa = PBXBuildFile; fileRef = B314CADA1EB2C1FA00C37D63 /* LaunchScreen.storyboard */; };
		B314CAE71EB2C1FB00C37D63 /* FacadePatternTests.m in Sources */ = {isa = PBXBuildFile; fileRef = B314CAE61EB2C1FB00C37D63 /* FacadePatternTests.m */; };
		B314CAF21EB2C1FB00C37D63 /* FacadePatternUITests.m in Sources */ = {isa = PBXBuildFile; fileRef = B314CAF11EB2C1FB00C37D63 /* FacadePatternUITests.m */; };
		B314CB021EB2C25E00C37D63 /* Facade.m in Sources */ = {isa = PBXBuildFile; fileRef = B314CB011EB2C25E00C37D63 /* Facade.m */; };
		B314CB051EB2C33400C37D63 /* Car.m in Sources */ = {isa = PBXBuildFile; fileRef = B314CB041EB2C33400C37D63 /* Car.m */; };
		B314CB081EB2C33F00C37D63 /* Hotel.m in Sources */ = {isa = PBXBuildFile; fileRef = B314CB071EB2C33F00C37D63 /* Hotel.m */; };
		B314CB0B1EB2C36200C37D63 /* Restaurant.m in Sources */ = {isa = PBXBuildFile; fileRef = B314CB0A1EB2C36200C37D63 /* Restaurant.m */; };
		B314CB0E1EB2C36C00C37D63 /* Phone.m in Sources */ = {isa = PBXBuildFile; fileRef = B314CB0D1EB2C36C00C37D63 /* Phone.m */; };
/* End PBXBuildFile section */

/* Begin PBXContainerItemProxy section */
		B314CAE31EB2C1FB00C37D63 /* PBXContainerItemProxy */ = {
			isa = PBXContainerItemProxy;
			containerPortal = B314CAC11EB2C1FA00C37D63 /* Project object */;
			proxyType = 1;
			remoteGlobalIDString = B314CAC81EB2C1FA00C37D63;
			remoteInfo = FacadePattern;
		};
		B314CAEE1EB2C1FB00C37D63 /* PBXContainerItemProxy */ = {
			isa = PBXContainerItemProxy;
			containerPortal = B314CAC11EB2C1FA00C37D63 /* Project object */;
			proxyType = 1;
			remoteGlobalIDString = B314CAC81EB2C1FA00C37D63;
			remoteInfo = FacadePattern;
		};
/* End PBXContainerItemProxy section */

/* Begin PBXFileReference section */
		B314CAC91EB2C1FA00C37D63 /* FacadePattern.app */ = {isa = PBXFileReference; explicitFileType = wrapper.application; includeInIndex = 0; path = FacadePattern.app; sourceTree = BUILT_PRODUCTS_DIR; };
		B314CACD1EB2C1FA00C37D63 /* main.m */ = {isa = PBXFileReference; lastKnownFileType = sourcecode.c.objc; path = main.m; sourceTree = "<group>"; };
		B314CACF1EB2C1FA00C37D63 /* AppDelegate.h */ = {isa = PBXFileReference; lastKnownFileType = sourcecode.c.h; path = AppDelegate.h; sourceTree = "<group>"; };
		B314CAD01EB2C1FA00C37D63 /* AppDelegate.m */ = {isa = PBXFileReference; lastKnownFileType = sourcecode.c.objc; path = AppDelegate.m; sourceTree = "<group>"; };
		B314CAD21EB2C1FA00C37D63 /* ViewController.h */ = {isa = PBXFileReference; lastKnownFileType = sourcecode.c.h; path = ViewController.h; sourceTree = "<group>"; };
		B314CAD31EB2C1FA00C37D63 /* ViewController.m */ = {isa = PBXFileReference; lastKnownFileType = sourcecode.c.objc; path = ViewController.m; sourceTree = "<group>"; };
		B314CAD61EB2C1FA00C37D63 /* Base */ = {isa = PBXFileReference; lastKnownFileType = file.storyboard; name = Base; path = Base.lproj/Main.storyboard; sourceTree = "<group>"; };
		B314CAD81EB2C1FA00C37D63 /* Assets.xcassets */ = {isa = PBXFileReference; lastKnownFileType = folder.assetcatalog; path = Assets.xcassets; sourceTree = "<group>"; };
		B314CADB1EB2C1FA00C37D63 /* Base */ = {isa = PBXFileReference; lastKnownFileType = file.storyboard; name = Base; path = Base.lproj/LaunchScreen.storyboard; sourceTree = "<group>"; };
		B314CADD1EB2C1FA00C37D63 /* Info.plist */ = {isa = PBXFileReference; lastKnownFileType = text.plist.xml; path = Info.plist; sourceTree = "<group>"; };
		B314CAE21EB2C1FB00C37D63 /* FacadePatternTests.xctest */ = {isa = PBXFileReference; explicitFileType = wrapper.cfbundle; includeInIndex = 0; path = FacadePatternTests.xctest; sourceTree = BUILT_PRODUCTS_DIR; };
		B314CAE61EB2C1FB00C37D63 /* FacadePatternTests.m */ = {isa = PBXFileReference; lastKnownFileType = sourcecode.c.objc; path = FacadePatternTests.m; sourceTree = "<group>"; };
		B314CAE81EB2C1FB00C37D63 /* Info.plist */ = {isa = PBXFileReference; lastKnownFileType = text.plist.xml; path = Info.plist; sourceTree = "<group>"; };
		B314CAED1EB2C1FB00C37D63 /* FacadePatternUITests.xctest */ = {isa = PBXFileReference; explicitFileType = wrapper.cfbundle; includeInIndex = 0; path = FacadePatternUITests.xctest; sourceTree = BUILT_PRODUCTS_DIR; };
		B314CAF11EB2C1FB00C37D63 /* FacadePatternUITests.m */ = {isa = PBXFileReference; lastKnownFileType = sourcecode.c.objc; path = FacadePatternUITests.m; sourceTree = "<group>"; };
		B314CAF31EB2C1FB00C37D63 /* Info.plist */ = {isa = PBXFileReference; lastKnownFileType = text.plist.xml; path = Info.plist; sourceTree = "<group>"; };
		B314CB001EB2C25E00C37D63 /* Facade.h */ = {isa = PBXFileReference; fileEncoding = 4; lastKnownFileType = sourcecode.c.h; path = Facade.h; sourceTree = "<group>"; };
		B314CB011EB2C25E00C37D63 /* Facade.m */ = {isa = PBXFileReference; fileEncoding = 4; lastKnownFileType = sourcecode.c.objc; path = Facade.m; sourceTree = "<group>"; };
		B314CB031EB2C33400C37D63 /* Car.h */ = {isa = PBXFileReference; fileEncoding = 4; lastKnownFileType = sourcecode.c.h; path = Car.h; sourceTree = "<group>"; };
		B314CB041EB2C33400C37D63 /* Car.m */ = {isa = PBXFileReference; fileEncoding = 4; lastKnownFileType = sourcecode.c.objc; path = Car.m; sourceTree = "<group>"; };
		B314CB061EB2C33F00C37D63 /* Hotel.h */ = {isa = PBXFileReference; fileEncoding = 4; lastKnownFileType = sourcecode.c.h; path = Hotel.h; sourceTree = "<group>"; };
		B314CB071EB2C33F00C37D63 /* Hotel.m */ = {isa = PBXFileReference; fileEncoding = 4; lastKnownFileType = sourcecode.c.objc; path = Hotel.m; sourceTree = "<group>"; };
		B314CB091EB2C36200C37D63 /* Restaurant.h */ = {isa = PBXFileReference; fileEncoding = 4; lastKnownFileType = sourcecode.c.h; path = Restaurant.h; sourceTree = "<group>"; };
		B314CB0A1EB2C36200C37D63 /* Restaurant.m */ = {isa = PBXFileReference; fileEncoding = 4; lastKnownFileType = sourcecode.c.objc; path = Restaurant.m; sourceTree = "<group>"; };
		B314CB0C1EB2C36C00C37D63 /* Phone.h */ = {isa = PBXFileReference; fileEncoding = 4; lastKnownFileType = sourcecode.c.h; path = Phone.h; sourceTree = "<group>"; };
		B314CB0D1EB2C36C00C37D63 /* Phone.m */ = {isa = PBXFileReference; fileEncoding = 4; lastKnownFileType = sourcecode.c.objc; path = Phone.m; sourceTree = "<group>"; };
/* End PBXFileReference section */

/* Begin PBXFrameworksBuildPhase section */
		B314CAC61EB2C1FA00C37D63 /* Frameworks */ = {
			isa = PBXFrameworksBuildPhase;
			buildActionMask = 2147483647;
			files = (
			);
			runOnlyForDeploymentPostprocessing = 0;
		};
		B314CADF1EB2C1FB00C37D63 /* Frameworks */ = {
			isa = PBXFrameworksBuildPhase;
			buildActionMask = 2147483647;
			files = (
			);
			runOnlyForDeploymentPostprocessing = 0;
		};
		B314CAEA1EB2C1FB00C37D63 /* Frameworks */ = {
			isa = PBXFrameworksBuildPhase;
			buildActionMask = 2147483647;
			files = (
			);
			runOnlyForDeploymentPostprocessing = 0;
		};
/* End PBXFrameworksBuildPhase section */

/* Begin PBXGroup section */
		B314CAC01EB2C1FA00C37D63 = {
			isa = PBXGroup;
			children = (
				B314CACB1EB2C1FA00C37D63 /* FacadePattern */,
				B314CAE51EB2C1FB00C37D63 /* FacadePatternTests */,
				B314CAF01EB2C1FB00C37D63 /* FacadePatternUITests */,
				B314CACA1EB2C1FA00C37D63 /* Products */,
			);
			sourceTree = "<group>";
		};
		B314CACA1EB2C1FA00C37D63 /* Products */ = {
			isa = PBXGroup;
			children = (
				B314CAC91EB2C1FA00C37D63 /* FacadePattern.app */,
				B314CAE21EB2C1FB00C37D63 /* FacadePatternTests.xctest */,
				B314CAED1EB2C1FB00C37D63 /* FacadePatternUITests.xctest */,
			);
			name = Products;
			sourceTree = "<group>";
		};
		B314CACB1EB2C1FA00C37D63 /* FacadePattern */ = {
			isa = PBXGroup;
			children = (
				B314CAFF1EB2C24900C37D63 /* FacadePattern */,
				B314CACF1EB2C1FA00C37D63 /* AppDelegate.h */,
				B314CAD01EB2C1FA00C37D63 /* AppDelegate.m */,
				B314CAD21EB2C1FA00C37D63 /* ViewController.h */,
				B314CAD31EB2C1FA00C37D63 /* ViewController.m */,
				B314CAD51EB2C1FA00C37D63 /* Main.storyboard */,
				B314CAD81EB2C1FA00C37D63 /* Assets.xcassets */,
				B314CADA1EB2C1FA00C37D63 /* LaunchScreen.storyboard */,
				B314CADD1EB2C1FA00C37D63 /* Info.plist */,
				B314CACC1EB2C1FA00C37D63 /* Supporting Files */,
			);
			path = FacadePattern;
			sourceTree = "<group>";
		};
		B314CACC1EB2C1FA00C37D63 /* Supporting Files */ = {
			isa = PBXGroup;
			children = (
				B314CACD1EB2C1FA00C37D63 /* main.m */,
			);
			name = "Supporting Files";
			sourceTree = "<group>";
		};
		B314CAE51EB2C1FB00C37D63 /* FacadePatternTests */ = {
			isa = PBXGroup;
			children = (
				B314CAE61EB2C1FB00C37D63 /* FacadePatternTests.m */,
				B314CAE81EB2C1FB00C37D63 /* Info.plist */,
			);
			path = FacadePatternTests;
			sourceTree = "<group>";
		};
		B314CAF01EB2C1FB00C37D63 /* FacadePatternUITests */ = {
			isa = PBXGroup;
			children = (
				B314CAF11EB2C1FB00C37D63 /* FacadePatternUITests.m */,
				B314CAF31EB2C1FB00C37D63 /* Info.plist */,
			);
			path = FacadePatternUITests;
			sourceTree = "<group>";
		};
		B314CAFF1EB2C24900C37D63 /* FacadePattern */ = {
			isa = PBXGroup;
			children = (
				B314CB001EB2C25E00C37D63 /* Facade.h */,
				B314CB011EB2C25E00C37D63 /* Facade.m */,
				B314CB031EB2C33400C37D63 /* Car.h */,
				B314CB041EB2C33400C37D63 /* Car.m */,
				B314CB091EB2C36200C37D63 /* Restaurant.h */,
				B314CB0A1EB2C36200C37D63 /* Restaurant.m */,
				B314CB061EB2C33F00C37D63 /* Hotel.h */,
				B314CB071EB2C33F00C37D63 /* Hotel.m */,
				B314CB0C1EB2C36C00C37D63 /* Phone.h */,
				B314CB0D1EB2C36C00C37D63 /* Phone.m */,
			);
			name = FacadePattern;
			sourceTree = "<group>";
		};
/* End PBXGroup section */

/* Begin PBXNativeTarget section */
		B314CAC81EB2C1FA00C37D63 /* FacadePattern */ = {
			isa = PBXNativeTarget;
			buildConfigurationList = B314CAF61EB2C1FB00C37D63 /* Build configuration list for PBXNativeTarget "FacadePattern" */;
			buildPhases = (
				B314CAC51EB2C1FA00C37D63 /* Sources */,
				B314CAC61EB2C1FA00C37D63 /* Frameworks */,
				B314CAC71EB2C1FA00C37D63 /* Resources */,
			);
			buildRules = (
			);
			dependencies = (
			);
			name = FacadePattern;
			productName = FacadePattern;
			productReference = B314CAC91EB2C1FA00C37D63 /* FacadePattern.app */;
			productType = "com.apple.product-type.application";
		};
		B314CAE11EB2C1FB00C37D63 /* FacadePatternTests */ = {
			isa = PBXNativeTarget;
			buildConfigurationList = B314CAF91EB2C1FB00C37D63 /* Build configuration list for PBXNativeTarget "FacadePatternTests" */;
			buildPhases = (
				B314CADE1EB2C1FB00C37D63 /* Sources */,
				B314CADF1EB2C1FB00C37D63 /* Frameworks */,
				B314CAE01EB2C1FB00C37D63 /* Resources */,
			);
			buildRules = (
			);
			dependencies = (
				B314CAE41EB2C1FB00C37D63 /* PBXTargetDependency */,
			);
			name = FacadePatternTests;
			productName = FacadePatternTests;
			productReference = B314CAE21EB2C1FB00C37D63 /* FacadePatternTests.xctest */;
			productType = "com.apple.product-type.bundle.unit-test";
		};
		B314CAEC1EB2C1FB00C37D63 /* FacadePatternUITests */ = {
			isa = PBXNativeTarget;
			buildConfigurationList = B314CAFC1EB2C1FB00C37D63 /* Build configuration list for PBXNativeTarget "FacadePatternUITests" */;
			buildPhases = (
				B314CAE91EB2C1FB00C37D63 /* Sources */,
				B314CAEA1EB2C1FB00C37D63 /* Frameworks */,
				B314CAEB1EB2C1FB00C37D63 /* Resources */,
			);
			buildRules = (
			);
			dependencies = (
				B314CAEF1EB2C1FB00C37D63 /* PBXTargetDependency */,
			);
			name = FacadePatternUITests;
			productName = FacadePatternUITests;
			productReference = B314CAED1EB2C1FB00C37D63 /* FacadePatternUITests.xctest */;
			productType = "com.apple.product-type.bundle.ui-testing";
		};
/* End PBXNativeTarget section */

/* Begin PBXProject section */
		B314CAC11EB2C1FA00C37D63 /* Project object */ = {
			isa = PBXProject;
			attributes = {
				LastUpgradeCheck = 0820;
				ORGANIZATIONNAME = junzi;
				TargetAttributes = {
					B314CAC81EB2C1FA00C37D63 = {
						CreatedOnToolsVersion = 8.2;
						DevelopmentTeam = NV5J27ZQZQ;
						ProvisioningStyle = Automatic;
					};
					B314CAE11EB2C1FB00C37D63 = {
						CreatedOnToolsVersion = 8.2;
						DevelopmentTeam = NV5J27ZQZQ;
						ProvisioningStyle = Automatic;
						TestTargetID = B314CAC81EB2C1FA00C37D63;
					};
					B314CAEC1EB2C1FB00C37D63 = {
						CreatedOnToolsVersion = 8.2;
						DevelopmentTeam = NV5J27ZQZQ;
						ProvisioningStyle = Automatic;
						TestTargetID = B314CAC81EB2C1FA00C37D63;
					};
				};
			};
			buildConfigurationList = B314CAC41EB2C1FA00C37D63 /* Build configuration list for PBXProject "FacadePattern" */;
			compatibilityVersion = "Xcode 3.2";
			developmentRegion = English;
			hasScannedForEncodings = 0;
			knownRegions = (
				en,
				Base,
			);
			mainGroup = B314CAC01EB2C1FA00C37D63;
			productRefGroup = B314CACA1EB2C1FA00C37D63 /* Products */;
			projectDirPath = "";
			projectRoot = "";
			targets = (
				B314CAC81EB2C1FA00C37D63 /* FacadePattern */,
				B314CAE11EB2C1FB00C37D63 /* FacadePatternTests */,
				B314CAEC1EB2C1FB00C37D63 /* FacadePatternUITests */,
			);
		};
/* End PBXProject section */

/* Begin PBXResourcesBuildPhase section */
		B314CAC71EB2C1FA00C37D63 /* Resources */ = {
			isa = PBXResourcesBuildPhase;
			buildActionMask = 2147483647;
			files = (
				B314CADC1EB2C1FA00C37D63 /* LaunchScreen.storyboard in Resources */,
				B314CAD91EB2C1FA00C37D63 /* Assets.xcassets in Resources */,
				B314CAD71EB2C1FA00C37D63 /* Main.storyboard in Resources */,
			);
			runOnlyForDeploymentPostprocessing = 0;
		};
		B314CAE01EB2C1FB00C37D63 /* Resources */ = {
			isa = PBXResourcesBuildPhase;
			buildActionMask = 2147483647;
			files = (
			);
			runOnlyForDeploymentPostprocessing = 0;
		};
		B314CAEB1EB2C1FB00C37D63 /* Resources */ = {
			isa = PBXResourcesBuildPhase;
			buildActionMask = 2147483647;
			files = (
			);
			runOnlyForDeploymentPostprocessing = 0;
		};
/* End PBXResourcesBuildPhase section */

/* Begin PBXSourcesBuildPhase section */
		B314CAC51EB2C1FA00C37D63 /* Sources */ = {
			isa = PBXSourcesBuildPhase;
			buildActionMask = 2147483647;
			files = (
				B314CB081EB2C33F00C37D63 /* Hotel.m in Sources */,
				B314CB0B1EB2C36200C37D63 /* Restaurant.m in Sources */,
				B314CB051EB2C33400C37D63 /* Car.m in Sources */,
				B314CAD41EB2C1FA00C37D63 /* ViewController.m in Sources */,
				B314CB0E1EB2C36C00C37D63 /* Phone.m in Sources */,
				B314CAD11EB2C1FA00C37D63 /* AppDelegate.m in Sources */,
				B314CACE1EB2C1FA00C37D63 /* main.m in Sources */,
				B314CB021EB2C25E00C37D63 /* Facade.m in Sources */,
			);
			runOnlyForDeploymentPostprocessing = 0;
		};
		B314CADE1EB2C1FB00C37D63 /* Sources */ = {
			isa = PBXSourcesBuildPhase;
			buildActionMask = 2147483647;
			files = (
				B314CAE71EB2C1FB00C37D63 /* FacadePatternTests.m in Sources */,
			);
			runOnlyForDeploymentPostprocessing = 0;
		};
		B314CAE91EB2C1FB00C37D63 /* Sources */ = {
			isa = PBXSourcesBuildPhase;
			buildActionMask = 2147483647;
			files = (
				B314CAF21EB2C1FB00C37D63 /* FacadePatternUITests.m in Sources */,
			);
			runOnlyForDeploymentPostprocessing = 0;
		};
/* End PBXSourcesBuildPhase section */

/* Begin PBXTargetDependency section */
		B314CAE41EB2C1FB00C37D63 /* PBXTargetDependency */ = {
			isa = PBXTargetDependency;
			target = B314CAC81EB2C1FA00C37D63 /* FacadePattern */;
			targetProxy = B314CAE31EB2C1FB00C37D63 /* PBXContainerItemProxy */;
		};
		B314CAEF1EB2C1FB00C37D63 /* PBXTargetDependency */ = {
			isa = PBXTargetDependency;
			target = B314CAC81EB2C1FA00C37D63 /* FacadePattern */;
			targetProxy = B314CAEE1EB2C1FB00C37D63 /* PBXContainerItemProxy */;
		};
/* End PBXTargetDependency section */

/* Begin PBXVariantGroup section */
		B314CAD51EB2C1FA00C37D63 /* Main.storyboard */ = {
			isa = PBXVariantGroup;
			children = (
				B314CAD61EB2C1FA00C37D63 /* Base */,
			);
			name = Main.storyboard;
			sourceTree = "<group>";
		};
		B314CADA1EB2C1FA00C37D63 /* LaunchScreen.storyboard */ = {
			isa = PBXVariantGroup;
			children = (
				B314CADB1EB2C1FA00C37D63 /* Base */,
			);
			name = LaunchScreen.storyboard;
			sourceTree = "<group>";
		};
/* End PBXVariantGroup section */

/* Begin XCBuildConfiguration section */
		B314CAF41EB2C1FB00C37D63 /* Debug */ = {
			isa = XCBuildConfiguration;
			buildSettings = {
				ALWAYS_SEARCH_USER_PATHS = NO;
				CLANG_ANALYZER_NONNULL = YES;
				CLANG_CXX_LANGUAGE_STANDARD = "gnu++0x";
				CLANG_CXX_LIBRARY = "libc++";
				CLANG_ENABLE_MODULES = YES;
				CLANG_ENABLE_OBJC_ARC = YES;
				CLANG_WARN_BOOL_CONVERSION = YES;
				CLANG_WARN_CONSTANT_CONVERSION = YES;
				CLANG_WARN_DIRECT_OBJC_ISA_USAGE = YES_ERROR;
				CLANG_WARN_DOCUMENTATION_COMMENTS = YES;
				CLANG_WARN_EMPTY_BODY = YES;
				CLANG_WARN_ENUM_CONVERSION = YES;
				CLANG_WARN_INFINITE_RECURSION = YES;
				CLANG_WARN_INT_CONVERSION = YES;
				CLANG_WARN_OBJC_ROOT_CLASS = YES_ERROR;
				CLANG_WARN_SUSPICIOUS_MOVE = YES;
				CLANG_WARN_UNREACHABLE_CODE = YES;
				CLANG_WARN__DUPLICATE_METHOD_MATCH = YES;
				"CODE_SIGN_IDENTITY[sdk=iphoneos*]" = "iPhone Developer";
				COPY_PHASE_STRIP = NO;
				DEBUG_INFORMATION_FORMAT = dwarf;
				ENABLE_STRICT_OBJC_MSGSEND = YES;
				ENABLE_TESTABILITY = YES;
				GCC_C_LANGUAGE_STANDARD = gnu99;
				GCC_DYNAMIC_NO_PIC = NO;
				GCC_NO_COMMON_BLOCKS = YES;
				GCC_OPTIMIZATION_LEVEL = 0;
				GCC_PREPROCESSOR_DEFINITIONS = (
					"DEBUG=1",
					"$(inherited)",
				);
				GCC_WARN_64_TO_32_BIT_CONVERSION = YES;
				GCC_WARN_ABOUT_RETURN_TYPE = YES_ERROR;
				GCC_WARN_UNDECLARED_SELECTOR = YES;
				GCC_WARN_UNINITIALIZED_AUTOS = YES_AGGRESSIVE;
				GCC_WARN_UNUSED_FUNCTION = YES;
				GCC_WARN_UNUSED_VARIABLE = YES;
				IPHONEOS_DEPLOYMENT_TARGET = 10.2;
				MTL_ENABLE_DEBUG_INFO = YES;
				ONLY_ACTIVE_ARCH = YES;
				SDKROOT = iphoneos;
				TARGETED_DEVICE_FAMILY = "1,2";
			};
			name = Debug;
		};
		B314CAF51EB2C1FB00C37D63 /* Release */ = {
			isa = XCBuildConfiguration;
			buildSettings = {
				ALWAYS_SEARCH_USER_PATHS = NO;
				CLANG_ANALYZER_NONNULL = YES;
				CLANG_CXX_LANGUAGE_STANDARD = "gnu++0x";
				CLANG_CXX_LIBRARY = "libc++";
				CLANG_ENABLE_MODULES = YES;
				CLANG_ENABLE_OBJC_ARC = YES;
				CLANG_WARN_BOOL_CONVERSION = YES;
				CLANG_WARN_CONSTANT_CONVERSION = YES;
				CLANG_WARN_DIRECT_OBJC_ISA_USAGE = YES_ERROR;
				CLANG_WARN_DOCUMENTATION_COMMENTS = YES;
				CLANG_WARN_EMPTY_BODY = YES;
				CLANG_WARN_ENUM_CONVERSION = YES;
				CLANG_WARN_INFINITE_RECURSION = YES;
				CLANG_WARN_INT_CONVERSION = YES;
				CLANG_WARN_OBJC_ROOT_CLASS = YES_ERROR;
				CLANG_WARN_SUSPICIOUS_MOVE = YES;
				CLANG_WARN_UNREACHABLE_CODE = YES;
				CLANG_WARN__DUPLICATE_METHOD_MATCH = YES;
				"CODE_SIGN_IDENTITY[sdk=iphoneos*]" = "iPhone Developer";
				COPY_PHASE_STRIP = NO;
				DEBUG_INFORMATION_FORMAT = "dwarf-with-dsym";
				ENABLE_NS_ASSERTIONS = NO;
				ENABLE_STRICT_OBJC_MSGSEND = YES;
				GCC_C_LANGUAGE_STANDARD = gnu99;
				GCC_NO_COMMON_BLOCKS = YES;
				GCC_WARN_64_TO_32_BIT_CONVERSION = YES;
				GCC_WARN_ABOUT_RETURN_TYPE = YES_ERROR;
				GCC_WARN_UNDECLARED_SELECTOR = YES;
				GCC_WARN_UNINITIALIZED_AUTOS = YES_AGGRESSIVE;
				GCC_WARN_UNUSED_FUNCTION = YES;
				GCC_WARN_UNUSED_VARIABLE = YES;
				IPHONEOS_DEPLOYMENT_TARGET = 10.2;
				MTL_ENABLE_DEBUG_INFO = NO;
				SDKROOT = iphoneos;
				TARGETED_DEVICE_FAMILY = "1,2";
				VALIDATE_PRODUCT = YES;
			};
			name = Release;
		};
		B314CAF71EB2C1FB00C37D63 /* Debug */ = {
			isa = XCBuildConfiguration;
			buildSettings = {
				ASSETCATALOG_COMPILER_APPICON_NAME = AppIcon;
				DEVELOPMENT_TEAM = NV5J27ZQZQ;
				INFOPLIST_FILE = FacadePattern/Info.plist;
				LD_RUNPATH_SEARCH_PATHS = "$(inherited) @executable_path/Frameworks";
				PRODUCT_BUNDLE_IDENTIFIER = LiuChuanan.FacadePattern;
				PRODUCT_NAME = "$(TARGET_NAME)";
			};
			name = Debug;
		};
		B314CAF81EB2C1FB00C37D63 /* Release */ = {
			isa = XCBuildConfiguration;
			buildSettings = {
				ASSETCATALOG_COMPILER_APPICON_NAME = AppIcon;
				DEVELOPMENT_TEAM = NV5J27ZQZQ;
				INFOPLIST_FILE = FacadePattern/Info.plist;
				LD_RUNPATH_SEARCH_PATHS = "$(inherited) @executable_path/Frameworks";
				PRODUCT_BUNDLE_IDENTIFIER = LiuChuanan.FacadePattern;
				PRODUCT_NAME = "$(TARGET_NAME)";
			};
			name = Release;
		};
		B314CAFA1EB2C1FB00C37D63 /* Debug */ = {
			isa = XCBuildConfiguration;
			buildSettings = {
				BUNDLE_LOADER = "$(TEST_HOST)";
				DEVELOPMENT_TEAM = NV5J27ZQZQ;
				INFOPLIST_FILE = FacadePatternTests/Info.plist;
				LD_RUNPATH_SEARCH_PATHS = "$(inherited) @executable_path/Frameworks @loader_path/Frameworks";
				PRODUCT_BUNDLE_IDENTIFIER = LiuChuanan.FacadePatternTests;
				PRODUCT_NAME = "$(TARGET_NAME)";
				TEST_HOST = "$(BUILT_PRODUCTS_DIR)/FacadePattern.app/FacadePattern";
			};
			name = Debug;
		};
		B314CAFB1EB2C1FB00C37D63 /* Release */ = {
			isa = XCBuildConfiguration;
			buildSettings = {
				BUNDLE_LOADER = "$(TEST_HOST)";
				DEVELOPMENT_TEAM = NV5J27ZQZQ;
				INFOPLIST_FILE = FacadePatternTests/Info.plist;
				LD_RUNPATH_SEARCH_PATHS = "$(inherited) @executable_path/Frameworks @loader_path/Frameworks";
				PRODUCT_BUNDLE_IDENTIFIER = LiuChuanan.FacadePatternTests;
				PRODUCT_NAME = "$(TARGET_NAME)";
				TEST_HOST = "$(BUILT_PRODUCTS_DIR)/FacadePattern.app/FacadePattern";
			};
			name = Release;
		};
		B314CAFD1EB2C1FB00C37D63 /* Debug */ = {
			isa = XCBuildConfiguration;
			buildSettings = {
				DEVELOPMENT_TEAM = NV5J27ZQZQ;
				INFOPLIST_FILE = FacadePatternUITests/Info.plist;
				LD_RUNPATH_SEARCH_PATHS = "$(inherited) @executable_path/Frameworks @loader_path/Frameworks";
				PRODUCT_BUNDLE_IDENTIFIER = LiuChuanan.FacadePatternUITests;
				PRODUCT_NAME = "$(TARGET_NAME)";
				TEST_TARGET_NAME = FacadePattern;
			};
			name = Debug;
		};
		B314CAFE1EB2C1FB00C37D63 /* Release */ = {
			isa = XCBuildConfiguration;
			buildSettings = {
				DEVELOPMENT_TEAM = NV5J27ZQZQ;
				INFOPLIST_FILE = FacadePatternUITests/Info.plist;
				LD_RUNPATH_SEARCH_PATHS = "$(inherited) @executable_path/Frameworks @loader_path/Frameworks";
				PRODUCT_BUNDLE_IDENTIFIER = LiuChuanan.FacadePatternUITests;
				PRODUCT_NAME = "$(TARGET_NAME)";
				TEST_TARGET_NAME = FacadePattern;
			};
			name = Release;
		};
/* End XCBuildConfiguration section */

/* Begin XCConfigurationList section */
		B314CAC41EB2C1FA00C37D63 /* Build configuration list for PBXProject "FacadePattern" */ = {
			isa = XCConfigurationList;
			buildConfigurations = (
				B314CAF41EB2C1FB00C37D63 /* Debug */,
				B314CAF51EB2C1FB00C37D63 /* Release */,
			);
			defaultConfigurationIsVisible = 0;
			defaultConfigurationName = Release;
		};
		B314CAF61EB2C1FB00C37D63 /* Build configuration list for PBXNativeTarget "FacadePattern" */ = {
			isa = XCConfigurationList;
			buildConfigurations = (
				B314CAF71EB2C1FB00C37D63 /* Debug */,
				B314CAF81EB2C1FB00C37D63 /* Release */,
			);
			defaultConfigurationIsVisible = 0;
		};
		B314CAF91EB2C1FB00C37D63 /* Build configuration list for PBXNativeTarget "FacadePatternTests" */ = {
			isa = XCConfigurationList;
			buildConfigurations = (
				B314CAFA1EB2C1FB00C37D63 /* Debug */,
				B314CAFB1EB2C1FB00C37D63 /* Release */,
			);
			defaultConfigurationIsVisible = 0;
		};
		B314CAFC1EB2C1FB00C37D63 /* Build configuration list for PBXNativeTarget "FacadePatternUITests" */ = {
			isa = XCConfigurationList;
			buildConfigurations = (
				B314CAFD1EB2C1FB00C37D63 /* Debug */,
				B314CAFE1EB2C1FB00C37D63 /* Release */,
			);
			defaultConfigurationIsVisible = 0;
		};
/* End XCConfigurationList section */
	};
	rootObject = B314CAC11EB2C1FA00C37D63 /* Project object */;
}
